
Microsoft Visual Studio Solution File, Format Version 12.00
# Visual Studio Version 17
VisualStudioVersion = 17.2.32630.192
MinimumVisualStudioVersion = 10.0.40219.1
Project("{FAE04EC0-301F-11D3-BF4B-00C04F79EFBC}") = "21_ Exception Handling", "21_ Exception Handling\21_ Exception Handling.csproj", "{90B1860D-1998-4836-BC03-621C8ECC5601}"
EndProject
Global
	GlobalSection(SolutionConfigurationPlatforms) = preSolution
		Debug|Any CPU = Debug|Any CPU
		Release|Any CPU = Release|Any CPU
	EndGlobalSection
	GlobalSection(ProjectConfigurationPlatforms) = postSolution
		{90B1860D-1998-4836-BC03-621C8ECC5601}.Debug|Any CPU.ActiveCfg = Debug|Any CPU
		{90B1860D-1998-4836-BC03-621C8ECC5601}.Debug|Any CPU.Build.0 = Debug|Any CPU
		{90B1860D-1998-4836-BC03-621C8ECC5601}.Release|Any CPU.ActiveCfg = Release|Any CPU
		{90B1860D-1998-4836-BC03-621C8ECC5601}.Release|Any CPU.Build.0 = Release|Any CPU
	EndGlobalSection
	GlobalSection(SolutionProperties) = preSolution
		HideSolutionNode = FALSE
	EndGlobalSection
	GlobalSection(ExtensibilityGlobals) = postSolution
		SolutionGuid = {BD00A7A3-80ED-4D55-95BD-9FD32728BA48}
	EndGlobalSection
EndGlobal
