
Microsoft Visual Studio Solution File, Format Version 12.00
# Visual Studio Version 17
VisualStudioVersion = 17.2.32630.192
MinimumVisualStudioVersion = 10.0.40219.1
Project("{FAE04EC0-301F-11D3-BF4B-00C04F79EFBC}") = "09_ Methods", "09_ Methods\09_ Methods.csproj", "{9CE22CB0-2072-49B3-899A-0F3C5EC8EE58}"
EndProject
Global
	GlobalSection(SolutionConfigurationPlatforms) = preSolution
		Debug|Any CPU = Debug|Any CPU
		Release|Any CPU = Release|Any CPU
	EndGlobalSection
	GlobalSection(ProjectConfigurationPlatforms) = postSolution
		{9CE22CB0-2072-49B3-899A-0F3C5EC8EE58}.Debug|Any CPU.ActiveCfg = Debug|Any CPU
		{9CE22CB0-2072-49B3-899A-0F3C5EC8EE58}.Debug|Any CPU.Build.0 = Debug|Any CPU
		{9CE22CB0-2072-49B3-899A-0F3C5EC8EE58}.Release|Any CPU.ActiveCfg = Release|Any CPU
		{9CE22CB0-2072-49B3-899A-0F3C5EC8EE58}.Release|Any CPU.Build.0 = Release|Any CPU
	EndGlobalSection
	GlobalSection(SolutionProperties) = preSolution
		HideSolutionNode = FALSE
	EndGlobalSection
	GlobalSection(ExtensibilityGlobals) = postSolution
		SolutionGuid = {53E428E0-2443-4644-97B8-F99DCC6E91E6}
	EndGlobalSection
EndGlobal
