
Microsoft Visual Studio Solution File, Format Version 12.00
# Visual Studio Version 17
VisualStudioVersion = 17.2.32630.192
MinimumVisualStudioVersion = 10.0.40219.1
Project("{FAE04EC0-301F-11D3-BF4B-00C04F79EFBC}") = "19_ 2D Array", "19_ 2D Array\19_ 2D Array.csproj", "{63FCF287-F80E-4243-8620-1F835255D6F8}"
EndProject
Global
	GlobalSection(SolutionConfigurationPlatforms) = preSolution
		Debug|Any CPU = Debug|Any CPU
		Release|Any CPU = Release|Any CPU
	EndGlobalSection
	GlobalSection(ProjectConfigurationPlatforms) = postSolution
		{63FCF287-F80E-4243-8620-1F835255D6F8}.Debug|Any CPU.ActiveCfg = Debug|Any CPU
		{63FCF287-F80E-4243-8620-1F835255D6F8}.Debug|Any CPU.Build.0 = Debug|Any CPU
		{63FCF287-F80E-4243-8620-1F835255D6F8}.Release|Any CPU.ActiveCfg = Release|Any CPU
		{63FCF287-F80E-4243-8620-1F835255D6F8}.Release|Any CPU.Build.0 = Release|Any CPU
	EndGlobalSection
	GlobalSection(SolutionProperties) = preSolution
		HideSolutionNode = FALSE
	EndGlobalSection
	GlobalSection(ExtensibilityGlobals) = postSolution
		SolutionGuid = {0D5831F6-DB9E-4B36-BBB9-13F83E7DF70B}
	EndGlobalSection
EndGlobal
