
Microsoft Visual Studio Solution File, Format Version 12.00
# Visual Studio Version 17
VisualStudioVersion = 17.2.32630.192
MinimumVisualStudioVersion = 10.0.40219.1
Project("{FAE04EC0-301F-11D3-BF4B-00C04F79EFBC}") = "Drawing a Shape", "Duck\Drawing a Shape.csproj", "{596EF474-4E1B-4BAC-BF7E-A362DE8360B1}"
EndProject
Global
	GlobalSection(SolutionConfigurationPlatforms) = preSolution
		Debug|Any CPU = Debug|Any CPU
		Release|Any CPU = Release|Any CPU
	EndGlobalSection
	GlobalSection(ProjectConfigurationPlatforms) = postSolution
		{596EF474-4E1B-4BAC-BF7E-A362DE8360B1}.Debug|Any CPU.ActiveCfg = Debug|Any CPU
		{596EF474-4E1B-4BAC-BF7E-A362DE8360B1}.Debug|Any CPU.Build.0 = Debug|Any CPU
		{596EF474-4E1B-4BAC-BF7E-A362DE8360B1}.Release|Any CPU.ActiveCfg = Release|Any CPU
		{596EF474-4E1B-4BAC-BF7E-A362DE8360B1}.Release|Any CPU.Build.0 = Release|Any CPU
	EndGlobalSection
	GlobalSection(SolutionProperties) = preSolution
		HideSolutionNode = FALSE
	EndGlobalSection
	GlobalSection(ExtensibilityGlobals) = postSolution
		SolutionGuid = {9DE31985-E280-4BB5-B3CD-0E522A391D2F}
	EndGlobalSection
EndGlobal
