
Microsoft Visual Studio Solution File, Format Version 12.00
# Visual Studio Version 17
VisualStudioVersion = 17.2.32630.192
MinimumVisualStudioVersion = 10.0.40219.1
Project("{FAE04EC0-301F-11D3-BF4B-00C04F79EFBC}") = "Variables", "Variables\Variables.csproj", "{6361D58B-0079-458C-B402-221A76BD42D6}"
EndProject
Global
	GlobalSection(SolutionConfigurationPlatforms) = preSolution
		Debug|Any CPU = Debug|Any CPU
		Release|Any CPU = Release|Any CPU
	EndGlobalSection
	GlobalSection(ProjectConfigurationPlatforms) = postSolution
		{6361D58B-0079-458C-B402-221A76BD42D6}.Debug|Any CPU.ActiveCfg = Debug|Any CPU
		{6361D58B-0079-458C-B402-221A76BD42D6}.Debug|Any CPU.Build.0 = Debug|Any CPU
		{6361D58B-0079-458C-B402-221A76BD42D6}.Release|Any CPU.ActiveCfg = Release|Any CPU
		{6361D58B-0079-458C-B402-221A76BD42D6}.Release|Any CPU.Build.0 = Release|Any CPU
	EndGlobalSection
	GlobalSection(SolutionProperties) = preSolution
		HideSolutionNode = FALSE
	EndGlobalSection
	GlobalSection(ExtensibilityGlobals) = postSolution
		SolutionGuid = {8C74C1CA-2357-462A-992E-2B651B2C4246}
	EndGlobalSection
EndGlobal
